
Microsoft Visual Studio Solution File, Format Version 12.00
# Visual Studio Version 17
VisualStudioVersion = 17.8.34330.188
MinimumVisualStudioVersion = 10.0.40219.1
Project("{9A19103F-16F7-4668-BE54-9A1E7A4F7556}") = "AuthorizationServer", "AuthorizationServer\AuthorizationServer.csproj", "{564DA0AD-6B85-42FE-89C7-D9CA6A571A00}"
EndProject
Project("{9A19103F-16F7-4668-BE54-9A1E7A4F7556}") = "Client", "Client\Client.csproj", "{1026A82B-27D7-49B3-9EE1-CABF1827BABE}"
EndProject
Project("{FAE04EC0-301F-11D3-BF4B-00C04F79EFBC}") = "ResourceServer", "ResourceServer\ResourceServer.csproj", "{C042FDA6-3471-442D-BE1D-AC97875F6D13}"
EndProject
Global
	GlobalSection(SolutionConfigurationPlatforms) = preSolution
		Debug|Any CPU = Debug|Any CPU
		Release|Any CPU = Release|Any CPU
	EndGlobalSection
	GlobalSection(ProjectConfigurationPlatforms) = postSolution
		{564DA0AD-6B85-42FE-89C7-D9CA6A571A00}.Debug|Any CPU.ActiveCfg = Debug|Any CPU
		{564DA0AD-6B85-42FE-89C7-D9CA6A571A00}.Debug|Any CPU.Build.0 = Debug|Any CPU
		{564DA0AD-6B85-42FE-89C7-D9CA6A571A00}.Release|Any CPU.ActiveCfg = Release|Any CPU
		{564DA0AD-6B85-42FE-89C7-D9CA6A571A00}.Release|Any CPU.Build.0 = Release|Any CPU
		{1026A82B-27D7-49B3-9EE1-CABF1827BABE}.Debug|Any CPU.ActiveCfg = Debug|Any CPU
		{1026A82B-27D7-49B3-9EE1-CABF1827BABE}.Debug|Any CPU.Build.0 = Debug|Any CPU
		{1026A82B-27D7-49B3-9EE1-CABF1827BABE}.Release|Any CPU.ActiveCfg = Release|Any CPU
		{1026A82B-27D7-49B3-9EE1-CABF1827BABE}.Release|Any CPU.Build.0 = Release|Any CPU
		{C042FDA6-3471-442D-BE1D-AC97875F6D13}.Debug|Any CPU.ActiveCfg = Debug|Any CPU
		{C042FDA6-3471-442D-BE1D-AC97875F6D13}.Debug|Any CPU.Build.0 = Debug|Any CPU
		{C042FDA6-3471-442D-BE1D-AC97875F6D13}.Release|Any CPU.ActiveCfg = Release|Any CPU
		{C042FDA6-3471-442D-BE1D-AC97875F6D13}.Release|Any CPU.Build.0 = Release|Any CPU
	EndGlobalSection
	GlobalSection(SolutionProperties) = preSolution
		HideSolutionNode = FALSE
	EndGlobalSection
	GlobalSection(ExtensibilityGlobals) = postSolution
		SolutionGuid = {4DD3EE7F-DBD1-428A-B4FB-F8FF40F73970}
	EndGlobalSection
EndGlobal
